
Microsoft Visual Studio Solution File, Format Version 12.00
# Visual Studio 14
VisualStudioVersion = 14.0.25420.1
MinimumVisualStudioVersion = 10.0.40219.1
Project("{FAE04EC0-301F-11D3-BF4B-00C04F79EFBC}") = "FBBasicFacebookFeatures.2010", "..\..\..\..\..\Downloads\01_FB01_BasicFacebookFeatures.V6.8.0.17\FBBasicFacebookFeatures\FBBasicFacebookFeatures.2010.csproj", "{AF90A25E-B4FB-434C-9260-C02B56C2AA9D}"
EndProject
Project("{FAE04EC0-301F-11D3-BF4B-00C04F79EFBC}") = "SortingFriends_Engine", "SortingFriends_Engine\SortingFriends_Engine.csproj", "{04F50967-328C-42F2-9542-DC977E59E937}"
EndProject
Project("{FAE04EC0-301F-11D3-BF4B-00C04F79EFBC}") = "SotringFriends_UI", "SotringFriends_UI\SotringFriends_UI.csproj", "{B207511B-3765-4EF8-8609-C5727B037ADE}"
EndProject
Global
	GlobalSection(SolutionConfigurationPlatforms) = preSolution
		Debug|Any CPU = Debug|Any CPU
		Release|Any CPU = Release|Any CPU
	EndGlobalSection
	GlobalSection(ProjectConfigurationPlatforms) = postSolution
		{AF90A25E-B4FB-434C-9260-C02B56C2AA9D}.Debug|Any CPU.ActiveCfg = Debug|Any CPU
		{AF90A25E-B4FB-434C-9260-C02B56C2AA9D}.Debug|Any CPU.Build.0 = Debug|Any CPU
		{AF90A25E-B4FB-434C-9260-C02B56C2AA9D}.Release|Any CPU.ActiveCfg = Release|Any CPU
		{AF90A25E-B4FB-434C-9260-C02B56C2AA9D}.Release|Any CPU.Build.0 = Release|Any CPU
		{04F50967-328C-42F2-9542-DC977E59E937}.Debug|Any CPU.ActiveCfg = Debug|Any CPU
		{04F50967-328C-42F2-9542-DC977E59E937}.Debug|Any CPU.Build.0 = Debug|Any CPU
		{04F50967-328C-42F2-9542-DC977E59E937}.Release|Any CPU.ActiveCfg = Release|Any CPU
		{04F50967-328C-42F2-9542-DC977E59E937}.Release|Any CPU.Build.0 = Release|Any CPU
		{B207511B-3765-4EF8-8609-C5727B037ADE}.Debug|Any CPU.ActiveCfg = Debug|Any CPU
		{B207511B-3765-4EF8-8609-C5727B037ADE}.Debug|Any CPU.Build.0 = Debug|Any CPU
		{B207511B-3765-4EF8-8609-C5727B037ADE}.Release|Any CPU.ActiveCfg = Release|Any CPU
		{B207511B-3765-4EF8-8609-C5727B037ADE}.Release|Any CPU.Build.0 = Release|Any CPU
	EndGlobalSection
	GlobalSection(SolutionProperties) = preSolution
		HideSolutionNode = FALSE
	EndGlobalSection
EndGlobal
